
Microsoft Visual Studio Solution File, Format Version 12.00
# Visual Studio Version 17
VisualStudioVersion = 17.12.35527.113
MinimumVisualStudioVersion = 10.0.40219.1
Project("{FAE04EC0-301F-11D3-BF4B-00C04F79EFBC}") = "NetCoreAI.Project01_ApiDemo", "NetCoreAI.Project01_ApiDemo\NetCoreAI.Project01_ApiDemo.csproj", "{19F20DD1-A27F-4D2E-B198-89251914A015}"
EndProject
Project("{FAE04EC0-301F-11D3-BF4B-00C04F79EFBC}") = "NetCoreAI.Project02_ApiConsumeUI", "NetCoreAI.Project02_ApiConsumeUI\NetCoreAI.Project02_ApiConsumeUI.csproj", "{95189E90-0B41-42A3-B5CD-61E3945C12F1}"
EndProject
Global
	GlobalSection(SolutionConfigurationPlatforms) = preSolution
		Debug|Any CPU = Debug|Any CPU
		Release|Any CPU = Release|Any CPU
	EndGlobalSection
	GlobalSection(ProjectConfigurationPlatforms) = postSolution
		{19F20DD1-A27F-4D2E-B198-89251914A015}.Debug|Any CPU.ActiveCfg = Debug|Any CPU
		{19F20DD1-A27F-4D2E-B198-89251914A015}.Debug|Any CPU.Build.0 = Debug|Any CPU
		{19F20DD1-A27F-4D2E-B198-89251914A015}.Release|Any CPU.ActiveCfg = Release|Any CPU
		{19F20DD1-A27F-4D2E-B198-89251914A015}.Release|Any CPU.Build.0 = Release|Any CPU
		{95189E90-0B41-42A3-B5CD-61E3945C12F1}.Debug|Any CPU.ActiveCfg = Debug|Any CPU
		{95189E90-0B41-42A3-B5CD-61E3945C12F1}.Debug|Any CPU.Build.0 = Debug|Any CPU
		{95189E90-0B41-42A3-B5CD-61E3945C12F1}.Release|Any CPU.ActiveCfg = Release|Any CPU
		{95189E90-0B41-42A3-B5CD-61E3945C12F1}.Release|Any CPU.Build.0 = Release|Any CPU
	EndGlobalSection
	GlobalSection(SolutionProperties) = preSolution
		HideSolutionNode = FALSE
	EndGlobalSection
EndGlobal
